# This file was autogenerated by Stack.
# You should not edit this file by hand.
# For more information, please see the documentation at:
#   https://docs.haskellstack.org/en/stable/lock_files

packages:
- completed:
    hackage: ghci-dap-0.0.17.0@sha256:0815b23cc372b5600b3ba93090532b6d3d63d560ad0e87aba4ee512cffef14a8,3025
    pantry-tree:
      sha256: 206826a06b5d73ab95ef0a3fa00a45ced06b53c2612c42b1eb8e1e1384697bf9
      size: 2356
  original:
    hackage: ghci-dap-0.0.17.0@sha256:0815b23cc372b5600b3ba93090532b6d3d63d560ad0e87aba4ee512cffef14a8,3025
- completed:
    hackage: haskell-dap-0.0.15.0@sha256:d58ec48d5f23c13675ba6a6ceb75f9ad9c0b0e90031e15cf7cd227478bad5fa5,945
    pantry-tree:
      sha256: 4126d8e2ea49a4acbd30cad46e66068167a1a599032c0ddd8fde607f703c5a23
      size: 315
  original:
    hackage: haskell-dap-0.0.15.0@sha256:d58ec48d5f23c13675ba6a6ceb75f9ad9c0b0e90031e15cf7cd227478bad5fa5,945
- completed:
    hackage: haskell-debug-adapter-0.0.35.0@sha256:682cf7b26e1bf9fc593fe9d70239056ebb3cae1d65f686995274b10801ee709d,7134
    pantry-tree:
      sha256: a7845e59a364d9fd860256b8567f7545fead723cee7b21c1a86d9807c8cf6083
      size: 2982
  original:
    hackage: haskell-debug-adapter-0.0.35.0@sha256:682cf7b26e1bf9fc593fe9d70239056ebb3cae1d65f686995274b10801ee709d,7134
- completed:
    commit: 3b4fc6f52fa47d28ec05d4974fa2faac7d2cf918
    git: git@github.com:McMasterU/CoconutPrelude.git
    name: CoconutPrelude
    pantry-tree:
      sha256: c6eaf1d732e1e0998bb16a062f1c30095dd3e9d5314527aa6c0d99d55da6aee1
      size: 840
    version: 0.1.0.0
  original:
    commit: 3b4fc6f52fa47d28ec05d4974fa2faac7d2cf918
    git: git@github.com:McMasterU/CoconutPrelude.git
- completed:
    commit: 8473e681ac250c03192a3df061d228c7a81589ab
    git: git@github.com:McMasterU/HashedExpression.git
    name: HashedExpression
    pantry-tree:
      sha256: 474b5979cd27f218998c61b0e5b51b9256054f279ad72529eff51a179e4e3d5a
      size: 10950
    version: 0.0.9
  original:
    commit: 8473e681ac250c03192a3df061d228c7a81589ab
    git: git@github.com:McMasterU/HashedExpression.git
- completed:
    hackage: nlopt-haskell-0.1.3.0@sha256:12f18996ab8933a94b5e9b94b30cb3a4c3a845b32c9173a13407c8cd605c04ec,1592
    pantry-tree:
      sha256: f76e44273f47583343deb7e6c70db3e143e583abfdb47aa90fa6f8bd3635dfdc
      size: 350
  original:
    hackage: nlopt-haskell-0.1.3.0
snapshots:
- completed:
    sha256: e5f56f619132209b826084cacd6374d7f0344cc88a9d1d305878190e4204ae1f
    size: 619205
    url: https://raw.githubusercontent.com/commercialhaskell/stackage-snapshots/master/lts/19/31.yaml
  original: lts-19.31
